
Microsoft Visual Studio Solution File, Format Version 12.00
# Visual Studio Version 17
VisualStudioVersion = 17.3.32811.315
MinimumVisualStudioVersion = 10.0.40219.1
Project("{FAE04EC0-301F-11D3-BF4B-00C04F79EFBC}") = "AMM_Lab_S5.Android", "AMM_Lab_S5\AMM_Lab_S5.Android\AMM_Lab_S5.Android.csproj", "{B52B99B9-3C53-4415-AAB0-111F166221B3}"
EndProject
Project("{FAE04EC0-301F-11D3-BF4B-00C04F79EFBC}") = "AMM_Lab_S5.iOS", "AMM_Lab_S5\AMM_Lab_S5.iOS\AMM_Lab_S5.iOS.csproj", "{4BB5A3E4-15C0-4B09-942B-57058946E1A9}"
EndProject
Project("{FAE04EC0-301F-11D3-BF4B-00C04F79EFBC}") = "AMM_Lab_S5", "AMM_Lab_S5\AMM_Lab_S5\AMM_Lab_S5.csproj", "{238DADBA-2487-4002-8D9F-BA366BCA69B9}"
EndProject
Global
	GlobalSection(SolutionConfigurationPlatforms) = preSolution
		Debug|Any CPU = Debug|Any CPU
		Debug|iPhone = Debug|iPhone
		Debug|iPhoneSimulator = Debug|iPhoneSimulator
		Release|Any CPU = Release|Any CPU
		Release|iPhone = Release|iPhone
		Release|iPhoneSimulator = Release|iPhoneSimulator
	EndGlobalSection
	GlobalSection(ProjectConfigurationPlatforms) = postSolution
		{B52B99B9-3C53-4415-AAB0-111F166221B3}.Debug|Any CPU.ActiveCfg = Debug|Any CPU
		{B52B99B9-3C53-4415-AAB0-111F166221B3}.Debug|Any CPU.Build.0 = Debug|Any CPU
		{B52B99B9-3C53-4415-AAB0-111F166221B3}.Debug|Any CPU.Deploy.0 = Debug|Any CPU
		{B52B99B9-3C53-4415-AAB0-111F166221B3}.Debug|iPhone.ActiveCfg = Debug|Any CPU
		{B52B99B9-3C53-4415-AAB0-111F166221B3}.Debug|iPhone.Build.0 = Debug|Any CPU
		{B52B99B9-3C53-4415-AAB0-111F166221B3}.Debug|iPhone.Deploy.0 = Debug|Any CPU
		{B52B99B9-3C53-4415-AAB0-111F166221B3}.Debug|iPhoneSimulator.ActiveCfg = Debug|Any CPU
		{B52B99B9-3C53-4415-AAB0-111F166221B3}.Debug|iPhoneSimulator.Build.0 = Debug|Any CPU
		{B52B99B9-3C53-4415-AAB0-111F166221B3}.Debug|iPhoneSimulator.Deploy.0 = Debug|Any CPU
		{B52B99B9-3C53-4415-AAB0-111F166221B3}.Release|Any CPU.ActiveCfg = Release|Any CPU
		{B52B99B9-3C53-4415-AAB0-111F166221B3}.Release|Any CPU.Build.0 = Release|Any CPU
		{B52B99B9-3C53-4415-AAB0-111F166221B3}.Release|Any CPU.Deploy.0 = Release|Any CPU
		{B52B99B9-3C53-4415-AAB0-111F166221B3}.Release|iPhone.ActiveCfg = Release|Any CPU
		{B52B99B9-3C53-4415-AAB0-111F166221B3}.Release|iPhone.Build.0 = Release|Any CPU
		{B52B99B9-3C53-4415-AAB0-111F166221B3}.Release|iPhone.Deploy.0 = Release|Any CPU
		{B52B99B9-3C53-4415-AAB0-111F166221B3}.Release|iPhoneSimulator.ActiveCfg = Release|Any CPU
		{B52B99B9-3C53-4415-AAB0-111F166221B3}.Release|iPhoneSimulator.Build.0 = Release|Any CPU
		{B52B99B9-3C53-4415-AAB0-111F166221B3}.Release|iPhoneSimulator.Deploy.0 = Release|Any CPU
		{4BB5A3E4-15C0-4B09-942B-57058946E1A9}.Debug|Any CPU.ActiveCfg = Debug|iPhone
		{4BB5A3E4-15C0-4B09-942B-57058946E1A9}.Debug|Any CPU.Build.0 = Debug|iPhone
		{4BB5A3E4-15C0-4B09-942B-57058946E1A9}.Debug|Any CPU.Deploy.0 = Debug|iPhone
		{4BB5A3E4-15C0-4B09-942B-57058946E1A9}.Debug|iPhone.ActiveCfg = Debug|iPhone
		{4BB5A3E4-15C0-4B09-942B-57058946E1A9}.Debug|iPhone.Build.0 = Debug|iPhone
		{4BB5A3E4-15C0-4B09-942B-57058946E1A9}.Debug|iPhone.Deploy.0 = Debug|iPhone
		{4BB5A3E4-15C0-4B09-942B-57058946E1A9}.Debug|iPhoneSimulator.ActiveCfg = Debug|iPhoneSimulator
		{4BB5A3E4-15C0-4B09-942B-57058946E1A9}.Debug|iPhoneSimulator.Build.0 = Debug|iPhoneSimulator
		{4BB5A3E4-15C0-4B09-942B-57058946E1A9}.Debug|iPhoneSimulator.Deploy.0 = Debug|iPhoneSimulator
		{4BB5A3E4-15C0-4B09-942B-57058946E1A9}.Release|Any CPU.ActiveCfg = Release|iPhoneSimulator
		{4BB5A3E4-15C0-4B09-942B-57058946E1A9}.Release|Any CPU.Build.0 = Release|iPhoneSimulator
		{4BB5A3E4-15C0-4B09-942B-57058946E1A9}.Release|Any CPU.Deploy.0 = Release|iPhoneSimulator
		{4BB5A3E4-15C0-4B09-942B-57058946E1A9}.Release|iPhone.ActiveCfg = Release|iPhone
		{4BB5A3E4-15C0-4B09-942B-57058946E1A9}.Release|iPhone.Build.0 = Release|iPhone
		{4BB5A3E4-15C0-4B09-942B-57058946E1A9}.Release|iPhone.Deploy.0 = Release|iPhone
		{4BB5A3E4-15C0-4B09-942B-57058946E1A9}.Release|iPhoneSimulator.ActiveCfg = Release|iPhoneSimulator
		{4BB5A3E4-15C0-4B09-942B-57058946E1A9}.Release|iPhoneSimulator.Build.0 = Release|iPhoneSimulator
		{4BB5A3E4-15C0-4B09-942B-57058946E1A9}.Release|iPhoneSimulator.Deploy.0 = Release|iPhoneSimulator
		{238DADBA-2487-4002-8D9F-BA366BCA69B9}.Debug|Any CPU.ActiveCfg = Debug|Any CPU
		{238DADBA-2487-4002-8D9F-BA366BCA69B9}.Debug|Any CPU.Build.0 = Debug|Any CPU
		{238DADBA-2487-4002-8D9F-BA366BCA69B9}.Debug|Any CPU.Deploy.0 = Debug|Any CPU
		{238DADBA-2487-4002-8D9F-BA366BCA69B9}.Debug|iPhone.ActiveCfg = Debug|Any CPU
		{238DADBA-2487-4002-8D9F-BA366BCA69B9}.Debug|iPhone.Build.0 = Debug|Any CPU
		{238DADBA-2487-4002-8D9F-BA366BCA69B9}.Debug|iPhone.Deploy.0 = Debug|Any CPU
		{238DADBA-2487-4002-8D9F-BA366BCA69B9}.Debug|iPhoneSimulator.ActiveCfg = Debug|Any CPU
		{238DADBA-2487-4002-8D9F-BA366BCA69B9}.Debug|iPhoneSimulator.Build.0 = Debug|Any CPU
		{238DADBA-2487-4002-8D9F-BA366BCA69B9}.Debug|iPhoneSimulator.Deploy.0 = Debug|Any CPU
		{238DADBA-2487-4002-8D9F-BA366BCA69B9}.Release|Any CPU.ActiveCfg = Release|Any CPU
		{238DADBA-2487-4002-8D9F-BA366BCA69B9}.Release|Any CPU.Build.0 = Release|Any CPU
		{238DADBA-2487-4002-8D9F-BA366BCA69B9}.Release|Any CPU.Deploy.0 = Release|Any CPU
		{238DADBA-2487-4002-8D9F-BA366BCA69B9}.Release|iPhone.ActiveCfg = Release|Any CPU
		{238DADBA-2487-4002-8D9F-BA366BCA69B9}.Release|iPhone.Build.0 = Release|Any CPU
		{238DADBA-2487-4002-8D9F-BA366BCA69B9}.Release|iPhone.Deploy.0 = Release|Any CPU
		{238DADBA-2487-4002-8D9F-BA366BCA69B9}.Release|iPhoneSimulator.ActiveCfg = Release|Any CPU
		{238DADBA-2487-4002-8D9F-BA366BCA69B9}.Release|iPhoneSimulator.Build.0 = Release|Any CPU
		{238DADBA-2487-4002-8D9F-BA366BCA69B9}.Release|iPhoneSimulator.Deploy.0 = Release|Any CPU
	EndGlobalSection
	GlobalSection(SolutionProperties) = preSolution
		HideSolutionNode = FALSE
	EndGlobalSection
	GlobalSection(ExtensibilityGlobals) = postSolution
		SolutionGuid = {19A1A089-1C96-4D27-950F-6E21C19293FF}
	EndGlobalSection
EndGlobal
